
Microsoft Visual Studio Solution File, Format Version 12.00
# Visual Studio 14
VisualStudioVersion = 14.0.24720.0
MinimumVisualStudioVersion = 10.0.40219.1
Project("{FAE04EC0-301F-11D3-BF4B-00C04F79EFBC}") = "Aoite", "src\Aoite\Aoite.csproj", "{5B0D8879-660C-4701-8117-C1499C9B65E7}"
EndProject
Project("{2150E333-8FDC-42A3-9474-1A3956D46DE8}") = "src", "src", "{014AB56F-363C-43A1-8A5F-BF43DDAF2384}"
EndProject
Project("{2150E333-8FDC-42A3-9474-1A3956D46DE8}") = "tests", "tests", "{027AC183-BDE6-4F1F-A76E-F0F240C69C26}"
EndProject
Project("{FAE04EC0-301F-11D3-BF4B-00C04F79EFBC}") = "Aoite.Tests", "tests\Aoite.Tests\Aoite.Tests.csproj", "{58B2D2E2-E7FC-4CF4-BA1C-3684F7A63F19}"
EndProject
Project("{2150E333-8FDC-42A3-9474-1A3956D46DE8}") = "comm", "comm", "{31F2CA9F-25EF-439C-8E77-917A67F42519}"
	ProjectSection(SolutionItems) = preProject
		src\Aoite\Aoite.nuspec = src\Aoite\Aoite.nuspec
		comm\aoite.snk = comm\aoite.snk
		README.md = README.md
	EndProjectSection
EndProject
Project("{FAE04EC0-301F-11D3-BF4B-00C04F79EFBC}") = "Aoite.Samples", "tests\Aoite.Samples\Aoite.Samples.csproj", "{AA2DCAAE-B40A-4A40-84BF-97915D330F18}"
EndProject
Project("{2150E333-8FDC-42A3-9474-1A3956D46DE8}") = "docs", "docs", "{0C9A1BD9-DB8E-472E-A781-449155FB5661}"
	ProjectSection(SolutionItems) = preProject
		docs\GettingStarted.md = docs\GettingStarted.md
	EndProjectSection
EndProject
Project("{FAE04EC0-301F-11D3-BF4B-00C04F79EFBC}") = "Aoite.Mvc5", "src\Aoite.Mvc5\Aoite.Mvc5.csproj", "{45AF4A3E-9B56-498E-AD1B-94F1247BC457}"
EndProject
Project("{2150E333-8FDC-42A3-9474-1A3956D46DE8}") = "web", "web", "{21574D7A-F556-4A05-9E5A-DEB5D88FC621}"
EndProject
Project("{2150E333-8FDC-42A3-9474-1A3956D46DE8}") = "win", "win", "{4AFF0896-9679-490C-AE51-4E4110287471}"
EndProject
Project("{FAE04EC0-301F-11D3-BF4B-00C04F79EFBC}") = "Aoite.DataModelGenerator", "src\Aoite.DataModelGenerator\Aoite.DataModelGenerator.csproj", "{BBBD52CE-DBC3-4B57-98B7-E2C4DA86235E}"
EndProject
Project("{FAE04EC0-301F-11D3-BF4B-00C04F79EFBC}") = "Aoite.WinBase", "src\Aoite.WinBase\Aoite.WinBase.csproj", "{FE4D1BA8-AFF0-41CC-AA8B-53F68EFCE92C}"
EndProject
Global
	GlobalSection(SolutionConfigurationPlatforms) = preSolution
		Debug.Net40|Any CPU = Debug.Net40|Any CPU
		Debug.Net45|Any CPU = Debug.Net45|Any CPU
		Debug|Any CPU = Debug|Any CPU
		Release.Net40|Any CPU = Release.Net40|Any CPU
		Release.Net45|Any CPU = Release.Net45|Any CPU
		Release|Any CPU = Release|Any CPU
	EndGlobalSection
	GlobalSection(ProjectConfigurationPlatforms) = postSolution
		{5B0D8879-660C-4701-8117-C1499C9B65E7}.Debug.Net40|Any CPU.ActiveCfg = Debug.Net40|Any CPU
		{5B0D8879-660C-4701-8117-C1499C9B65E7}.Debug.Net40|Any CPU.Build.0 = Debug.Net40|Any CPU
		{5B0D8879-660C-4701-8117-C1499C9B65E7}.Debug.Net45|Any CPU.ActiveCfg = Debug.Net45|Any CPU
		{5B0D8879-660C-4701-8117-C1499C9B65E7}.Debug.Net45|Any CPU.Build.0 = Debug.Net45|Any CPU
		{5B0D8879-660C-4701-8117-C1499C9B65E7}.Debug|Any CPU.ActiveCfg = Debug|Any CPU
		{5B0D8879-660C-4701-8117-C1499C9B65E7}.Debug|Any CPU.Build.0 = Debug|Any CPU
		{5B0D8879-660C-4701-8117-C1499C9B65E7}.Release.Net40|Any CPU.ActiveCfg = Release.Net40|Any CPU
		{5B0D8879-660C-4701-8117-C1499C9B65E7}.Release.Net40|Any CPU.Build.0 = Release.Net40|Any CPU
		{5B0D8879-660C-4701-8117-C1499C9B65E7}.Release.Net45|Any CPU.ActiveCfg = Release.Net45|Any CPU
		{5B0D8879-660C-4701-8117-C1499C9B65E7}.Release.Net45|Any CPU.Build.0 = Release.Net45|Any CPU
		{5B0D8879-660C-4701-8117-C1499C9B65E7}.Release|Any CPU.ActiveCfg = Release|Any CPU
		{5B0D8879-660C-4701-8117-C1499C9B65E7}.Release|Any CPU.Build.0 = Release|Any CPU
		{58B2D2E2-E7FC-4CF4-BA1C-3684F7A63F19}.Debug.Net40|Any CPU.ActiveCfg = Debug.Net40|Any CPU
		{58B2D2E2-E7FC-4CF4-BA1C-3684F7A63F19}.Debug.Net40|Any CPU.Build.0 = Debug.Net40|Any CPU
		{58B2D2E2-E7FC-4CF4-BA1C-3684F7A63F19}.Debug.Net45|Any CPU.ActiveCfg = Debug.Net45|Any CPU
		{58B2D2E2-E7FC-4CF4-BA1C-3684F7A63F19}.Debug.Net45|Any CPU.Build.0 = Debug.Net45|Any CPU
		{58B2D2E2-E7FC-4CF4-BA1C-3684F7A63F19}.Debug|Any CPU.ActiveCfg = Debug|Any CPU
		{58B2D2E2-E7FC-4CF4-BA1C-3684F7A63F19}.Debug|Any CPU.Build.0 = Debug|Any CPU
		{58B2D2E2-E7FC-4CF4-BA1C-3684F7A63F19}.Release.Net40|Any CPU.ActiveCfg = Release.Net40|Any CPU
		{58B2D2E2-E7FC-4CF4-BA1C-3684F7A63F19}.Release.Net40|Any CPU.Build.0 = Release.Net40|Any CPU
		{58B2D2E2-E7FC-4CF4-BA1C-3684F7A63F19}.Release.Net45|Any CPU.ActiveCfg = Release.Net45|Any CPU
		{58B2D2E2-E7FC-4CF4-BA1C-3684F7A63F19}.Release.Net45|Any CPU.Build.0 = Release.Net45|Any CPU
		{58B2D2E2-E7FC-4CF4-BA1C-3684F7A63F19}.Release|Any CPU.ActiveCfg = Release|Any CPU
		{58B2D2E2-E7FC-4CF4-BA1C-3684F7A63F19}.Release|Any CPU.Build.0 = Release|Any CPU
		{AA2DCAAE-B40A-4A40-84BF-97915D330F18}.Debug.Net40|Any CPU.ActiveCfg = Debug.Net40|Any CPU
		{AA2DCAAE-B40A-4A40-84BF-97915D330F18}.Debug.Net40|Any CPU.Build.0 = Debug.Net40|Any CPU
		{AA2DCAAE-B40A-4A40-84BF-97915D330F18}.Debug.Net45|Any CPU.ActiveCfg = Debug.Net45|Any CPU
		{AA2DCAAE-B40A-4A40-84BF-97915D330F18}.Debug.Net45|Any CPU.Build.0 = Debug.Net45|Any CPU
		{AA2DCAAE-B40A-4A40-84BF-97915D330F18}.Debug|Any CPU.ActiveCfg = Debug|Any CPU
		{AA2DCAAE-B40A-4A40-84BF-97915D330F18}.Debug|Any CPU.Build.0 = Debug|Any CPU
		{AA2DCAAE-B40A-4A40-84BF-97915D330F18}.Release.Net40|Any CPU.ActiveCfg = Release.Net40|Any CPU
		{AA2DCAAE-B40A-4A40-84BF-97915D330F18}.Release.Net40|Any CPU.Build.0 = Release.Net40|Any CPU
		{AA2DCAAE-B40A-4A40-84BF-97915D330F18}.Release.Net45|Any CPU.ActiveCfg = Release.Net45|Any CPU
		{AA2DCAAE-B40A-4A40-84BF-97915D330F18}.Release.Net45|Any CPU.Build.0 = Release.Net45|Any CPU
		{AA2DCAAE-B40A-4A40-84BF-97915D330F18}.Release|Any CPU.ActiveCfg = Release|Any CPU
		{AA2DCAAE-B40A-4A40-84BF-97915D330F18}.Release|Any CPU.Build.0 = Release|Any CPU
		{45AF4A3E-9B56-498E-AD1B-94F1247BC457}.Debug.Net40|Any CPU.ActiveCfg = Debug|Any CPU
		{45AF4A3E-9B56-498E-AD1B-94F1247BC457}.Debug.Net40|Any CPU.Build.0 = Debug|Any CPU
		{45AF4A3E-9B56-498E-AD1B-94F1247BC457}.Debug.Net45|Any CPU.ActiveCfg = Debug|Any CPU
		{45AF4A3E-9B56-498E-AD1B-94F1247BC457}.Debug.Net45|Any CPU.Build.0 = Debug|Any CPU
		{45AF4A3E-9B56-498E-AD1B-94F1247BC457}.Debug|Any CPU.ActiveCfg = Debug|Any CPU
		{45AF4A3E-9B56-498E-AD1B-94F1247BC457}.Debug|Any CPU.Build.0 = Debug|Any CPU
		{45AF4A3E-9B56-498E-AD1B-94F1247BC457}.Release.Net40|Any CPU.ActiveCfg = Release|Any CPU
		{45AF4A3E-9B56-498E-AD1B-94F1247BC457}.Release.Net40|Any CPU.Build.0 = Release|Any CPU
		{45AF4A3E-9B56-498E-AD1B-94F1247BC457}.Release.Net45|Any CPU.ActiveCfg = Release|Any CPU
		{45AF4A3E-9B56-498E-AD1B-94F1247BC457}.Release.Net45|Any CPU.Build.0 = Release|Any CPU
		{45AF4A3E-9B56-498E-AD1B-94F1247BC457}.Release|Any CPU.ActiveCfg = Release|Any CPU
		{45AF4A3E-9B56-498E-AD1B-94F1247BC457}.Release|Any CPU.Build.0 = Release|Any CPU
		{BBBD52CE-DBC3-4B57-98B7-E2C4DA86235E}.Debug.Net40|Any CPU.ActiveCfg = Debug|Any CPU
		{BBBD52CE-DBC3-4B57-98B7-E2C4DA86235E}.Debug.Net40|Any CPU.Build.0 = Debug|Any CPU
		{BBBD52CE-DBC3-4B57-98B7-E2C4DA86235E}.Debug.Net45|Any CPU.ActiveCfg = Debug|Any CPU
		{BBBD52CE-DBC3-4B57-98B7-E2C4DA86235E}.Debug.Net45|Any CPU.Build.0 = Debug|Any CPU
		{BBBD52CE-DBC3-4B57-98B7-E2C4DA86235E}.Debug|Any CPU.ActiveCfg = Debug|Any CPU
		{BBBD52CE-DBC3-4B57-98B7-E2C4DA86235E}.Debug|Any CPU.Build.0 = Debug|Any CPU
		{BBBD52CE-DBC3-4B57-98B7-E2C4DA86235E}.Release.Net40|Any CPU.ActiveCfg = Release|Any CPU
		{BBBD52CE-DBC3-4B57-98B7-E2C4DA86235E}.Release.Net40|Any CPU.Build.0 = Release|Any CPU
		{BBBD52CE-DBC3-4B57-98B7-E2C4DA86235E}.Release.Net45|Any CPU.ActiveCfg = Release|Any CPU
		{BBBD52CE-DBC3-4B57-98B7-E2C4DA86235E}.Release.Net45|Any CPU.Build.0 = Release|Any CPU
		{BBBD52CE-DBC3-4B57-98B7-E2C4DA86235E}.Release|Any CPU.ActiveCfg = Release|Any CPU
		{BBBD52CE-DBC3-4B57-98B7-E2C4DA86235E}.Release|Any CPU.Build.0 = Release|Any CPU
		{FE4D1BA8-AFF0-41CC-AA8B-53F68EFCE92C}.Debug.Net40|Any CPU.ActiveCfg = Debug|Any CPU
		{FE4D1BA8-AFF0-41CC-AA8B-53F68EFCE92C}.Debug.Net40|Any CPU.Build.0 = Debug|Any CPU
		{FE4D1BA8-AFF0-41CC-AA8B-53F68EFCE92C}.Debug.Net45|Any CPU.ActiveCfg = Debug|Any CPU
		{FE4D1BA8-AFF0-41CC-AA8B-53F68EFCE92C}.Debug.Net45|Any CPU.Build.0 = Debug|Any CPU
		{FE4D1BA8-AFF0-41CC-AA8B-53F68EFCE92C}.Debug|Any CPU.ActiveCfg = Debug|Any CPU
		{FE4D1BA8-AFF0-41CC-AA8B-53F68EFCE92C}.Debug|Any CPU.Build.0 = Debug|Any CPU
		{FE4D1BA8-AFF0-41CC-AA8B-53F68EFCE92C}.Release.Net40|Any CPU.ActiveCfg = Release|Any CPU
		{FE4D1BA8-AFF0-41CC-AA8B-53F68EFCE92C}.Release.Net40|Any CPU.Build.0 = Release|Any CPU
		{FE4D1BA8-AFF0-41CC-AA8B-53F68EFCE92C}.Release.Net45|Any CPU.ActiveCfg = Release|Any CPU
		{FE4D1BA8-AFF0-41CC-AA8B-53F68EFCE92C}.Release.Net45|Any CPU.Build.0 = Release|Any CPU
		{FE4D1BA8-AFF0-41CC-AA8B-53F68EFCE92C}.Release|Any CPU.ActiveCfg = Release|Any CPU
		{FE4D1BA8-AFF0-41CC-AA8B-53F68EFCE92C}.Release|Any CPU.Build.0 = Release|Any CPU
	EndGlobalSection
	GlobalSection(SolutionProperties) = preSolution
		HideSolutionNode = FALSE
	EndGlobalSection
	GlobalSection(NestedProjects) = preSolution
		{5B0D8879-660C-4701-8117-C1499C9B65E7} = {014AB56F-363C-43A1-8A5F-BF43DDAF2384}
		{58B2D2E2-E7FC-4CF4-BA1C-3684F7A63F19} = {027AC183-BDE6-4F1F-A76E-F0F240C69C26}
		{AA2DCAAE-B40A-4A40-84BF-97915D330F18} = {027AC183-BDE6-4F1F-A76E-F0F240C69C26}
		{0C9A1BD9-DB8E-472E-A781-449155FB5661} = {31F2CA9F-25EF-439C-8E77-917A67F42519}
		{45AF4A3E-9B56-498E-AD1B-94F1247BC457} = {21574D7A-F556-4A05-9E5A-DEB5D88FC621}
		{21574D7A-F556-4A05-9E5A-DEB5D88FC621} = {014AB56F-363C-43A1-8A5F-BF43DDAF2384}
		{4AFF0896-9679-490C-AE51-4E4110287471} = {014AB56F-363C-43A1-8A5F-BF43DDAF2384}
		{BBBD52CE-DBC3-4B57-98B7-E2C4DA86235E} = {4AFF0896-9679-490C-AE51-4E4110287471}
		{FE4D1BA8-AFF0-41CC-AA8B-53F68EFCE92C} = {4AFF0896-9679-490C-AE51-4E4110287471}
	EndGlobalSection
EndGlobal
